
Microsoft Visual Studio Solution File, Format Version 12.00
# Visual Studio Version 17
VisualStudioVersion = 17.9.34728.123
MinimumVisualStudioVersion = 10.0.40219.1
Project("{9A19103F-16F7-4668-BE54-9A1E7A4F7556}") = "MockAPI", "MockAPI.csproj", "{EAE82149-ECC5-4382-8703-96DB1B007259}"
EndProject
Project("{FAE04EC0-301F-11D3-BF4B-00C04F79EFBC}") = "Tests", "..\Tests\Tests.csproj", "{5110C8DA-55B8-450F-BF98-A2A5A9BA5C18}"
EndProject
Global
	GlobalSection(SolutionConfigurationPlatforms) = preSolution
		Debug|Any CPU = Debug|Any CPU
		Release|Any CPU = Release|Any CPU
	EndGlobalSection
	GlobalSection(ProjectConfigurationPlatforms) = postSolution
		{EAE82149-ECC5-4382-8703-96DB1B007259}.Debug|Any CPU.ActiveCfg = Debug|Any CPU
		{EAE82149-ECC5-4382-8703-96DB1B007259}.Debug|Any CPU.Build.0 = Debug|Any CPU
		{EAE82149-ECC5-4382-8703-96DB1B007259}.Release|Any CPU.ActiveCfg = Release|Any CPU
		{EAE82149-ECC5-4382-8703-96DB1B007259}.Release|Any CPU.Build.0 = Release|Any CPU
		{5110C8DA-55B8-450F-BF98-A2A5A9BA5C18}.Debug|Any CPU.ActiveCfg = Debug|Any CPU
		{5110C8DA-55B8-450F-BF98-A2A5A9BA5C18}.Debug|Any CPU.Build.0 = Debug|Any CPU
		{5110C8DA-55B8-450F-BF98-A2A5A9BA5C18}.Release|Any CPU.ActiveCfg = Release|Any CPU
		{5110C8DA-55B8-450F-BF98-A2A5A9BA5C18}.Release|Any CPU.Build.0 = Release|Any CPU
	EndGlobalSection
	GlobalSection(SolutionProperties) = preSolution
		HideSolutionNode = FALSE
	EndGlobalSection
	GlobalSection(ExtensibilityGlobals) = postSolution
		SolutionGuid = {F9966AA9-D979-4A3B-B2BC-86FA0D367B38}
	EndGlobalSection
EndGlobal
